
Microsoft Visual Studio Solution File, Format Version 12.00
Project("{FAE04EC0-301F-11D3-BF4B-00C04F79EFBC}") = "Net_BaslangicProjeleri", "Net_BaslangicProjeleri\Net_BaslangicProjeleri.csproj", "{9E1C7AE0-6694-4C04-9999-6D9160E9D007}"
EndProject
Global
	GlobalSection(SolutionConfigurationPlatforms) = preSolution
		Debug|Any CPU = Debug|Any CPU
		Release|Any CPU = Release|Any CPU
	EndGlobalSection
	GlobalSection(ProjectConfigurationPlatforms) = postSolution
		{9E1C7AE0-6694-4C04-9999-6D9160E9D007}.Debug|Any CPU.ActiveCfg = Debug|Any CPU
		{9E1C7AE0-6694-4C04-9999-6D9160E9D007}.Debug|Any CPU.Build.0 = Debug|Any CPU
		{9E1C7AE0-6694-4C04-9999-6D9160E9D007}.Release|Any CPU.ActiveCfg = Release|Any CPU
		{9E1C7AE0-6694-4C04-9999-6D9160E9D007}.Release|Any CPU.Build.0 = Release|Any CPU
	EndGlobalSection
EndGlobal
